
Microsoft Visual Studio Solution File, Format Version 12.00
# Visual Studio Version 17
VisualStudioVersion = 17.3.32901.215
MinimumVisualStudioVersion = 10.0.40219.1
Project("{9A19103F-16F7-4668-BE54-9A1E7A4F7556}") = "DofusAccountOptimizer2", "DofusAccountOptimizer2\DofusAccountOptimizer2.csproj", "{19E249C6-BF2C-4AB8-95B1-0D49A6C94929}"
EndProject
Global
	GlobalSection(SolutionConfigurationPlatforms) = preSolution
		Debug|Any CPU = Debug|Any CPU
		Debug|x64 = Debug|x64
		Release|Any CPU = Release|Any CPU
		Release|x64 = Release|x64
	EndGlobalSection
	GlobalSection(ProjectConfigurationPlatforms) = postSolution
		{19E249C6-BF2C-4AB8-95B1-0D49A6C94929}.Debug|Any CPU.ActiveCfg = Debug|Any CPU
		{19E249C6-BF2C-4AB8-95B1-0D49A6C94929}.Debug|Any CPU.Build.0 = Debug|Any CPU
		{19E249C6-BF2C-4AB8-95B1-0D49A6C94929}.Debug|x64.ActiveCfg = Debug|x64
		{19E249C6-BF2C-4AB8-95B1-0D49A6C94929}.Debug|x64.Build.0 = Debug|x64
		{19E249C6-BF2C-4AB8-95B1-0D49A6C94929}.Release|Any CPU.ActiveCfg = Release|Any CPU
		{19E249C6-BF2C-4AB8-95B1-0D49A6C94929}.Release|Any CPU.Build.0 = Release|Any CPU
		{19E249C6-BF2C-4AB8-95B1-0D49A6C94929}.Release|x64.ActiveCfg = Release|x64
		{19E249C6-BF2C-4AB8-95B1-0D49A6C94929}.Release|x64.Build.0 = Release|x64
	EndGlobalSection
	GlobalSection(SolutionProperties) = preSolution
		HideSolutionNode = FALSE
	EndGlobalSection
	GlobalSection(ExtensibilityGlobals) = postSolution
		SolutionGuid = {86412DB5-A494-40FE-BE74-A8E71E915923}
	EndGlobalSection
EndGlobal
